<Solution>
  <Folder Name="/build/">
    <File Path="Directory.Build.props" />
    <File Path="Directory.Packages.props" />
    <File Path="docker-compose.yml" />
    <File Path="nuget.config" />
    <File Path="README.md" />
  </Folder>
  <Folder Name="/src/">
    <Project Path="src/VelaShell.Market.Domain/VelaShell.Market.Domain.csproj" />
    <Project Path="src/VelaShell.Market.Infrastructure/VelaShell.Market.Infrastructure.csproj" />
    <Project Path="src/VelaShell.Market.Api/VelaShell.Market.Api.csproj" />
  </Folder>
  <Folder Name="/tests/">
    <Project Path="tests/VelaShell.Market.Tests/VelaShell.Market.Tests.csproj" />
  </Folder>
</Solution>
